
Microsoft Visual Studio Solution File, Format Version 12.00
# Visual Studio Version 17
VisualStudioVersion = 17.9.34728.123
MinimumVisualStudioVersion = 10.0.40219.1
Project("{FAE04EC0-301F-11D3-BF4B-00C04F79EFBC}") = "CourseManagerAPI", "CourseManagerAPI\CourseManagerAPI.csproj", "{D75DD8CD-752D-45CF-A59D-51EF099C954B}"
EndProject
Project("{FAE04EC0-301F-11D3-BF4B-00C04F79EFBC}") = "CourseManager.Common", "CourseManager.Common\CourseManager.Common.csproj", "{25DA9776-24C7-47CB-861D-737DC3106242}"
EndProject
Project("{FAE04EC0-301F-11D3-BF4B-00C04F79EFBC}") = "CourseManager.Data", "CourseManager.Data\CourseManager.Data.csproj", "{646AAD79-9016-4BE3-A2D9-8A5D52FECD67}"
EndProject
Project("{FAE04EC0-301F-11D3-BF4B-00C04F79EFBC}") = "CourseManager.Model", "CourseManager.Model\CourseManager.Model.csproj", "{2CC4399D-499C-4E37-A28D-3E4ABE1D4CD2}"
EndProject
Project("{FAE04EC0-301F-11D3-BF4B-00C04F79EFBC}") = "CourseManager.Service", "CourseManager.Service\CourseManager.Service.csproj", "{A2DF6F3F-8B73-46B7-BC18-92EDC456A5C8}"
EndProject
Global
	GlobalSection(SolutionConfigurationPlatforms) = preSolution
		Debug|Any CPU = Debug|Any CPU
		Release|Any CPU = Release|Any CPU
	EndGlobalSection
	GlobalSection(ProjectConfigurationPlatforms) = postSolution
		{D75DD8CD-752D-45CF-A59D-51EF099C954B}.Debug|Any CPU.ActiveCfg = Debug|Any CPU
		{D75DD8CD-752D-45CF-A59D-51EF099C954B}.Debug|Any CPU.Build.0 = Debug|Any CPU
		{D75DD8CD-752D-45CF-A59D-51EF099C954B}.Release|Any CPU.ActiveCfg = Release|Any CPU
		{D75DD8CD-752D-45CF-A59D-51EF099C954B}.Release|Any CPU.Build.0 = Release|Any CPU
		{25DA9776-24C7-47CB-861D-737DC3106242}.Debug|Any CPU.ActiveCfg = Debug|Any CPU
		{25DA9776-24C7-47CB-861D-737DC3106242}.Debug|Any CPU.Build.0 = Debug|Any CPU
		{25DA9776-24C7-47CB-861D-737DC3106242}.Release|Any CPU.ActiveCfg = Release|Any CPU
		{25DA9776-24C7-47CB-861D-737DC3106242}.Release|Any CPU.Build.0 = Release|Any CPU
		{646AAD79-9016-4BE3-A2D9-8A5D52FECD67}.Debug|Any CPU.ActiveCfg = Debug|Any CPU
		{646AAD79-9016-4BE3-A2D9-8A5D52FECD67}.Debug|Any CPU.Build.0 = Debug|Any CPU
		{646AAD79-9016-4BE3-A2D9-8A5D52FECD67}.Release|Any CPU.ActiveCfg = Release|Any CPU
		{646AAD79-9016-4BE3-A2D9-8A5D52FECD67}.Release|Any CPU.Build.0 = Release|Any CPU
		{2CC4399D-499C-4E37-A28D-3E4ABE1D4CD2}.Debug|Any CPU.ActiveCfg = Debug|Any CPU
		{2CC4399D-499C-4E37-A28D-3E4ABE1D4CD2}.Debug|Any CPU.Build.0 = Debug|Any CPU
		{2CC4399D-499C-4E37-A28D-3E4ABE1D4CD2}.Release|Any CPU.ActiveCfg = Release|Any CPU
		{2CC4399D-499C-4E37-A28D-3E4ABE1D4CD2}.Release|Any CPU.Build.0 = Release|Any CPU
		{A2DF6F3F-8B73-46B7-BC18-92EDC456A5C8}.Debug|Any CPU.ActiveCfg = Debug|Any CPU
		{A2DF6F3F-8B73-46B7-BC18-92EDC456A5C8}.Debug|Any CPU.Build.0 = Debug|Any CPU
		{A2DF6F3F-8B73-46B7-BC18-92EDC456A5C8}.Release|Any CPU.ActiveCfg = Release|Any CPU
		{A2DF6F3F-8B73-46B7-BC18-92EDC456A5C8}.Release|Any CPU.Build.0 = Release|Any CPU
	EndGlobalSection
	GlobalSection(SolutionProperties) = preSolution
		HideSolutionNode = FALSE
	EndGlobalSection
	GlobalSection(ExtensibilityGlobals) = postSolution
		SolutionGuid = {177A7690-1340-43BB-B701-663C64E16404}
	EndGlobalSection
EndGlobal
